
Microsoft Visual Studio Solution File, Format Version 12.00
# Visual Studio Version 17
VisualStudioVersion = 17.14.36518.9
MinimumVisualStudioVersion = 10.0.40219.1
Project("{2150E333-8FDC-42A3-9474-1A3956D46DE8}") = "src", "src", "{02EA681E-C7D8-13C7-8484-4AC65E1B71E8}"
EndProject
Project("{2150E333-8FDC-42A3-9474-1A3956D46DE8}") = "Building Blocks", "Building Blocks", "{55DEC7A9-4A71-44CC-BD75-FDC4DB8D1689}"
EndProject
Project("{2150E333-8FDC-42A3-9474-1A3956D46DE8}") = "Services", "Services", "{EA0D93DF-37D5-4DE5-A567-BCB90512CD19}"
EndProject
Project("{2150E333-8FDC-42A3-9474-1A3956D46DE8}") = "Web", "Web", "{99120729-904D-4383-A9A0-0F8CACC1DB24}"
EndProject
Project("{2150E333-8FDC-42A3-9474-1A3956D46DE8}") = "Identidade", "Identidade", "{F1588F74-1C00-4796-9FC3-B723E13EDAE4}"
EndProject
Project("{2150E333-8FDC-42A3-9474-1A3956D46DE8}") = "MVC", "MVC", "{57092F13-1BCB-4807-8889-F96021C89AB7}"
EndProject
Project("{FAE04EC0-301F-11D3-BF4B-00C04F79EFBC}") = "MSE.WebApp.MVC", "src\web\MSE.WebApp.MVC\MSE.WebApp.MVC.csproj", "{34F07052-3EFB-4F2B-BDE7-00AEAA397095}"
EndProject
Project("{FAE04EC0-301F-11D3-BF4B-00C04F79EFBC}") = "MSE.Identidade.API", "src\services\MSE.Identidade.API\MSE.Identidade.API.csproj", "{BAAABA6B-952E-47A8-A8F4-010126B1469C}"
EndProject
Project("{2150E333-8FDC-42A3-9474-1A3956D46DE8}") = "Core", "Core", "{30528FEE-36DB-4100-96CA-9DF32845C0BB}"
EndProject
Project("{FAE04EC0-301F-11D3-BF4B-00C04F79EFBC}") = "MSE.Core", "src\building blocks\MSE.Core\MSE.Core.csproj", "{8A4FE393-513F-4166-BC12-5AD69C3B9A49}"
EndProject
Project("{2150E333-8FDC-42A3-9474-1A3956D46DE8}") = "Carrinho", "Carrinho", "{32FB08A5-CC97-4E0D-85AC-15EF3B0A25EA}"
EndProject
Project("{FAE04EC0-301F-11D3-BF4B-00C04F79EFBC}") = "MSE.Carrinho.API", "src\services\MSE.Carrinho.API\MSE.Carrinho.API.csproj", "{15CFFFF8-D8AD-45D6-B0A8-94B4262100F0}"
EndProject
Project("{2150E333-8FDC-42A3-9474-1A3956D46DE8}") = "Catalogo", "Catalogo", "{733678AA-F5B3-47FE-80E3-73F6B6A224D6}"
EndProject
Project("{FAE04EC0-301F-11D3-BF4B-00C04F79EFBC}") = "MSE.Catalogo.API", "src\services\MSE.Catalogo.API\MSE.Catalogo.API.csproj", "{3D586638-ED1A-439A-A828-45E95962A17B}"
EndProject
Project("{2150E333-8FDC-42A3-9474-1A3956D46DE8}") = "Cliente", "Cliente", "{2DA73C76-38FD-46AF-9356-01844B65407A}"
EndProject
Project("{FAE04EC0-301F-11D3-BF4B-00C04F79EFBC}") = "MSE.Cliente.API", "src\services\MSE.Cliente.API\MSE.Cliente.API.csproj", "{1747BD0A-0890-4A7A-94FF-9356D040E4C7}"
EndProject
Project("{2150E333-8FDC-42A3-9474-1A3956D46DE8}") = "Pagamento", "Pagamento", "{E343FE46-8BEA-4C60-AAE9-82D5D0E3FC10}"
EndProject
Project("{FAE04EC0-301F-11D3-BF4B-00C04F79EFBC}") = "MSE.Pagamento.API", "src\services\MSE.Pagamento.API\MSE.Pagamento.API.csproj", "{F74B22C6-89EF-4EC2-AEA5-FDF94CE74294}"
EndProject
Project("{2150E333-8FDC-42A3-9474-1A3956D46DE8}") = "Pedido", "Pedido", "{C96477D1-A9FC-45D0-BA91-E93EDE461515}"
EndProject
Project("{FAE04EC0-301F-11D3-BF4B-00C04F79EFBC}") = "MSE.Pedido.API", "src\services\MSE.Pedido.API\MSE.Pedido.API.csproj", "{396C8791-DDF0-4C96-87BD-349C1743637C}"
EndProject
Global
	GlobalSection(SolutionConfigurationPlatforms) = preSolution
		Debug|Any CPU = Debug|Any CPU
		Release|Any CPU = Release|Any CPU
	EndGlobalSection
	GlobalSection(ProjectConfigurationPlatforms) = postSolution
		{34F07052-3EFB-4F2B-BDE7-00AEAA397095}.Debug|Any CPU.ActiveCfg = Debug|Any CPU
		{34F07052-3EFB-4F2B-BDE7-00AEAA397095}.Debug|Any CPU.Build.0 = Debug|Any CPU
		{34F07052-3EFB-4F2B-BDE7-00AEAA397095}.Release|Any CPU.ActiveCfg = Release|Any CPU
		{34F07052-3EFB-4F2B-BDE7-00AEAA397095}.Release|Any CPU.Build.0 = Release|Any CPU
		{BAAABA6B-952E-47A8-A8F4-010126B1469C}.Debug|Any CPU.ActiveCfg = Debug|Any CPU
		{BAAABA6B-952E-47A8-A8F4-010126B1469C}.Debug|Any CPU.Build.0 = Debug|Any CPU
		{BAAABA6B-952E-47A8-A8F4-010126B1469C}.Release|Any CPU.ActiveCfg = Release|Any CPU
		{BAAABA6B-952E-47A8-A8F4-010126B1469C}.Release|Any CPU.Build.0 = Release|Any CPU
		{8A4FE393-513F-4166-BC12-5AD69C3B9A49}.Debug|Any CPU.ActiveCfg = Debug|Any CPU
		{8A4FE393-513F-4166-BC12-5AD69C3B9A49}.Debug|Any CPU.Build.0 = Debug|Any CPU
		{8A4FE393-513F-4166-BC12-5AD69C3B9A49}.Release|Any CPU.ActiveCfg = Release|Any CPU
		{8A4FE393-513F-4166-BC12-5AD69C3B9A49}.Release|Any CPU.Build.0 = Release|Any CPU
		{15CFFFF8-D8AD-45D6-B0A8-94B4262100F0}.Debug|Any CPU.ActiveCfg = Debug|Any CPU
		{15CFFFF8-D8AD-45D6-B0A8-94B4262100F0}.Debug|Any CPU.Build.0 = Debug|Any CPU
		{15CFFFF8-D8AD-45D6-B0A8-94B4262100F0}.Release|Any CPU.ActiveCfg = Release|Any CPU
		{15CFFFF8-D8AD-45D6-B0A8-94B4262100F0}.Release|Any CPU.Build.0 = Release|Any CPU
		{3D586638-ED1A-439A-A828-45E95962A17B}.Debug|Any CPU.ActiveCfg = Debug|Any CPU
		{3D586638-ED1A-439A-A828-45E95962A17B}.Debug|Any CPU.Build.0 = Debug|Any CPU
		{3D586638-ED1A-439A-A828-45E95962A17B}.Release|Any CPU.ActiveCfg = Release|Any CPU
		{3D586638-ED1A-439A-A828-45E95962A17B}.Release|Any CPU.Build.0 = Release|Any CPU
		{1747BD0A-0890-4A7A-94FF-9356D040E4C7}.Debug|Any CPU.ActiveCfg = Debug|Any CPU
		{1747BD0A-0890-4A7A-94FF-9356D040E4C7}.Debug|Any CPU.Build.0 = Debug|Any CPU
		{1747BD0A-0890-4A7A-94FF-9356D040E4C7}.Release|Any CPU.ActiveCfg = Release|Any CPU
		{1747BD0A-0890-4A7A-94FF-9356D040E4C7}.Release|Any CPU.Build.0 = Release|Any CPU
		{F74B22C6-89EF-4EC2-AEA5-FDF94CE74294}.Debug|Any CPU.ActiveCfg = Debug|Any CPU
		{F74B22C6-89EF-4EC2-AEA5-FDF94CE74294}.Debug|Any CPU.Build.0 = Debug|Any CPU
		{F74B22C6-89EF-4EC2-AEA5-FDF94CE74294}.Release|Any CPU.ActiveCfg = Release|Any CPU
		{F74B22C6-89EF-4EC2-AEA5-FDF94CE74294}.Release|Any CPU.Build.0 = Release|Any CPU
		{396C8791-DDF0-4C96-87BD-349C1743637C}.Debug|Any CPU.ActiveCfg = Debug|Any CPU
		{396C8791-DDF0-4C96-87BD-349C1743637C}.Debug|Any CPU.Build.0 = Debug|Any CPU
		{396C8791-DDF0-4C96-87BD-349C1743637C}.Release|Any CPU.ActiveCfg = Release|Any CPU
		{396C8791-DDF0-4C96-87BD-349C1743637C}.Release|Any CPU.Build.0 = Release|Any CPU
	EndGlobalSection
	GlobalSection(SolutionProperties) = preSolution
		HideSolutionNode = FALSE
	EndGlobalSection
	GlobalSection(NestedProjects) = preSolution
		{55DEC7A9-4A71-44CC-BD75-FDC4DB8D1689} = {02EA681E-C7D8-13C7-8484-4AC65E1B71E8}
		{EA0D93DF-37D5-4DE5-A567-BCB90512CD19} = {02EA681E-C7D8-13C7-8484-4AC65E1B71E8}
		{99120729-904D-4383-A9A0-0F8CACC1DB24} = {02EA681E-C7D8-13C7-8484-4AC65E1B71E8}
		{F1588F74-1C00-4796-9FC3-B723E13EDAE4} = {EA0D93DF-37D5-4DE5-A567-BCB90512CD19}
		{57092F13-1BCB-4807-8889-F96021C89AB7} = {99120729-904D-4383-A9A0-0F8CACC1DB24}
		{34F07052-3EFB-4F2B-BDE7-00AEAA397095} = {57092F13-1BCB-4807-8889-F96021C89AB7}
		{BAAABA6B-952E-47A8-A8F4-010126B1469C} = {F1588F74-1C00-4796-9FC3-B723E13EDAE4}
		{30528FEE-36DB-4100-96CA-9DF32845C0BB} = {55DEC7A9-4A71-44CC-BD75-FDC4DB8D1689}
		{8A4FE393-513F-4166-BC12-5AD69C3B9A49} = {30528FEE-36DB-4100-96CA-9DF32845C0BB}
		{32FB08A5-CC97-4E0D-85AC-15EF3B0A25EA} = {EA0D93DF-37D5-4DE5-A567-BCB90512CD19}
		{15CFFFF8-D8AD-45D6-B0A8-94B4262100F0} = {32FB08A5-CC97-4E0D-85AC-15EF3B0A25EA}
		{733678AA-F5B3-47FE-80E3-73F6B6A224D6} = {EA0D93DF-37D5-4DE5-A567-BCB90512CD19}
		{3D586638-ED1A-439A-A828-45E95962A17B} = {733678AA-F5B3-47FE-80E3-73F6B6A224D6}
		{2DA73C76-38FD-46AF-9356-01844B65407A} = {EA0D93DF-37D5-4DE5-A567-BCB90512CD19}
		{1747BD0A-0890-4A7A-94FF-9356D040E4C7} = {2DA73C76-38FD-46AF-9356-01844B65407A}
		{E343FE46-8BEA-4C60-AAE9-82D5D0E3FC10} = {EA0D93DF-37D5-4DE5-A567-BCB90512CD19}
		{F74B22C6-89EF-4EC2-AEA5-FDF94CE74294} = {E343FE46-8BEA-4C60-AAE9-82D5D0E3FC10}
		{C96477D1-A9FC-45D0-BA91-E93EDE461515} = {EA0D93DF-37D5-4DE5-A567-BCB90512CD19}
		{396C8791-DDF0-4C96-87BD-349C1743637C} = {C96477D1-A9FC-45D0-BA91-E93EDE461515}
	EndGlobalSection
	GlobalSection(ExtensibilityGlobals) = postSolution
		SolutionGuid = {E6E3F639-6AB1-49D3-99A9-D0364CF4D209}
	EndGlobalSection
EndGlobal
